
Microsoft Visual Studio Solution File, Format Version 12.00
# Visual Studio 15
VisualStudioVersion = 15.0.28307.329
MinimumVisualStudioVersion = 10.0.40219.1
Project("{8BC9CEB8-8B4A-11D0-8D11-00A0C91BC942}") = "Program12", "Program12\Program12.vcxproj", "{BCD14F6E-D7D5-4077-8E88-717FD4682713}"
EndProject
Global
	GlobalSection(SolutionConfigurationPlatforms) = preSolution
		Debug|x64 = Debug|x64
		Debug|x86 = Debug|x86
		Release|x64 = Release|x64
		Release|x86 = Release|x86
	EndGlobalSection
	GlobalSection(ProjectConfigurationPlatforms) = postSolution
		{BCD14F6E-D7D5-4077-8E88-717FD4682713}.Debug|x64.ActiveCfg = Debug|x64
		{BCD14F6E-D7D5-4077-8E88-717FD4682713}.Debug|x64.Build.0 = Debug|x64
		{BCD14F6E-D7D5-4077-8E88-717FD4682713}.Debug|x86.ActiveCfg = Debug|Win32
		{BCD14F6E-D7D5-4077-8E88-717FD4682713}.Debug|x86.Build.0 = Debug|Win32
		{BCD14F6E-D7D5-4077-8E88-717FD4682713}.Release|x64.ActiveCfg = Release|x64
		{BCD14F6E-D7D5-4077-8E88-717FD4682713}.Release|x64.Build.0 = Release|x64
		{BCD14F6E-D7D5-4077-8E88-717FD4682713}.Release|x86.ActiveCfg = Release|Win32
		{BCD14F6E-D7D5-4077-8E88-717FD4682713}.Release|x86.Build.0 = Release|Win32
	EndGlobalSection
	GlobalSection(SolutionProperties) = preSolution
		HideSolutionNode = FALSE
	EndGlobalSection
	GlobalSection(ExtensibilityGlobals) = postSolution
		SolutionGuid = {17B2B2C4-1B9C-4E1E-8EEF-323104642EA5}
	EndGlobalSection
EndGlobal
