
Microsoft Visual Studio Solution File, Format Version 12.00
# Visual Studio 15
VisualStudioVersion = 15.0.28307.421
MinimumVisualStudioVersion = 10.0.40219.1
Project("{8BC9CEB8-8B4A-11D0-8D11-00A0C91BC942}") = "Project2", "Project2\Project2.vcxproj", "{9F1F677C-CCA9-47D3-87CC-55D9F51C7619}"
EndProject
Global
	GlobalSection(SolutionConfigurationPlatforms) = preSolution
		Debug|x64 = Debug|x64
		Debug|x86 = Debug|x86
		Release|x64 = Release|x64
		Release|x86 = Release|x86
	EndGlobalSection
	GlobalSection(ProjectConfigurationPlatforms) = postSolution
		{9F1F677C-CCA9-47D3-87CC-55D9F51C7619}.Debug|x64.ActiveCfg = Debug|x64
		{9F1F677C-CCA9-47D3-87CC-55D9F51C7619}.Debug|x64.Build.0 = Debug|x64
		{9F1F677C-CCA9-47D3-87CC-55D9F51C7619}.Debug|x86.ActiveCfg = Debug|Win32
		{9F1F677C-CCA9-47D3-87CC-55D9F51C7619}.Debug|x86.Build.0 = Debug|Win32
		{9F1F677C-CCA9-47D3-87CC-55D9F51C7619}.Release|x64.ActiveCfg = Release|x64
		{9F1F677C-CCA9-47D3-87CC-55D9F51C7619}.Release|x64.Build.0 = Release|x64
		{9F1F677C-CCA9-47D3-87CC-55D9F51C7619}.Release|x86.ActiveCfg = Release|Win32
		{9F1F677C-CCA9-47D3-87CC-55D9F51C7619}.Release|x86.Build.0 = Release|Win32
	EndGlobalSection
	GlobalSection(SolutionProperties) = preSolution
		HideSolutionNode = FALSE
	EndGlobalSection
	GlobalSection(ExtensibilityGlobals) = postSolution
		SolutionGuid = {39FB3649-25F4-4516-83D3-86CFC2DFE4D4}
	EndGlobalSection
EndGlobal
