
Microsoft Visual Studio Solution File, Format Version 12.00
# Visual Studio 15
VisualStudioVersion = 15.0.28307.421
MinimumVisualStudioVersion = 10.0.40219.1
Project("{8BC9CEB8-8B4A-11D0-8D11-00A0C91BC942}") = "Project2", "Project2.vcxproj", "{01DDDD14-C309-45E6-8736-CDB7F590C651}"
EndProject
Global
	GlobalSection(SolutionConfigurationPlatforms) = preSolution
		Debug|x64 = Debug|x64
		Debug|x86 = Debug|x86
		Release|x64 = Release|x64
		Release|x86 = Release|x86
	EndGlobalSection
	GlobalSection(ProjectConfigurationPlatforms) = postSolution
		{01DDDD14-C309-45E6-8736-CDB7F590C651}.Debug|x64.ActiveCfg = Debug|x64
		{01DDDD14-C309-45E6-8736-CDB7F590C651}.Debug|x64.Build.0 = Debug|x64
		{01DDDD14-C309-45E6-8736-CDB7F590C651}.Debug|x86.ActiveCfg = Debug|Win32
		{01DDDD14-C309-45E6-8736-CDB7F590C651}.Debug|x86.Build.0 = Debug|Win32
		{01DDDD14-C309-45E6-8736-CDB7F590C651}.Release|x64.ActiveCfg = Release|x64
		{01DDDD14-C309-45E6-8736-CDB7F590C651}.Release|x64.Build.0 = Release|x64
		{01DDDD14-C309-45E6-8736-CDB7F590C651}.Release|x86.ActiveCfg = Release|Win32
		{01DDDD14-C309-45E6-8736-CDB7F590C651}.Release|x86.Build.0 = Release|Win32
	EndGlobalSection
	GlobalSection(SolutionProperties) = preSolution
		HideSolutionNode = FALSE
	EndGlobalSection
	GlobalSection(ExtensibilityGlobals) = postSolution
		SolutionGuid = {23BEC555-5AD7-45E0-B797-94D67FB5C0DE}
	EndGlobalSection
EndGlobal
