
Microsoft Visual Studio Solution File, Format Version 12.00
# Visual Studio 15
VisualStudioVersion = 15.0.28307.329
MinimumVisualStudioVersion = 10.0.40219.1
Project("{8BC9CEB8-8B4A-11D0-8D11-00A0C91BC942}") = "Program9", "Program9\Program9.vcxproj", "{46280131-1163-421F-AF35-76DAF583A0CD}"
EndProject
Global
	GlobalSection(SolutionConfigurationPlatforms) = preSolution
		Debug|x64 = Debug|x64
		Debug|x86 = Debug|x86
		Release|x64 = Release|x64
		Release|x86 = Release|x86
	EndGlobalSection
	GlobalSection(ProjectConfigurationPlatforms) = postSolution
		{46280131-1163-421F-AF35-76DAF583A0CD}.Debug|x64.ActiveCfg = Debug|x64
		{46280131-1163-421F-AF35-76DAF583A0CD}.Debug|x64.Build.0 = Debug|x64
		{46280131-1163-421F-AF35-76DAF583A0CD}.Debug|x86.ActiveCfg = Debug|Win32
		{46280131-1163-421F-AF35-76DAF583A0CD}.Debug|x86.Build.0 = Debug|Win32
		{46280131-1163-421F-AF35-76DAF583A0CD}.Release|x64.ActiveCfg = Release|x64
		{46280131-1163-421F-AF35-76DAF583A0CD}.Release|x64.Build.0 = Release|x64
		{46280131-1163-421F-AF35-76DAF583A0CD}.Release|x86.ActiveCfg = Release|Win32
		{46280131-1163-421F-AF35-76DAF583A0CD}.Release|x86.Build.0 = Release|Win32
	EndGlobalSection
	GlobalSection(SolutionProperties) = preSolution
		HideSolutionNode = FALSE
	EndGlobalSection
	GlobalSection(ExtensibilityGlobals) = postSolution
		SolutionGuid = {C2AAAE05-2666-4725-958A-99D88CED4925}
	EndGlobalSection
EndGlobal
